
Microsoft Visual Studio Solution File, Format Version 12.00
# Visual Studio Version 16
VisualStudioVersion = 16.0.29519.87
MinimumVisualStudioVersion = 10.0.40219.1
Project("{9092AA53-FB77-4645-B42D-1CCCA6BD08BD}") = "COMP2068_FileUploadTest", "COMP2068_FileUploadTest\COMP2068_FileUploadTest.njsproj", "{6F994D11-15B1-4A5C-8AF6-456C8F680FF3}"
EndProject
Global
	GlobalSection(SolutionConfigurationPlatforms) = preSolution
		Debug|Any CPU = Debug|Any CPU
		Release|Any CPU = Release|Any CPU
	EndGlobalSection
	GlobalSection(ProjectConfigurationPlatforms) = postSolution
		{6F994D11-15B1-4A5C-8AF6-456C8F680FF3}.Debug|Any CPU.ActiveCfg = Debug|Any CPU
		{6F994D11-15B1-4A5C-8AF6-456C8F680FF3}.Debug|Any CPU.Build.0 = Debug|Any CPU
		{6F994D11-15B1-4A5C-8AF6-456C8F680FF3}.Release|Any CPU.ActiveCfg = Release|Any CPU
		{6F994D11-15B1-4A5C-8AF6-456C8F680FF3}.Release|Any CPU.Build.0 = Release|Any CPU
	EndGlobalSection
	GlobalSection(SolutionProperties) = preSolution
		HideSolutionNode = FALSE
	EndGlobalSection
	GlobalSection(ExtensibilityGlobals) = postSolution
		SolutionGuid = {866717B4-BC78-49B8-9F82-EAE01F872355}
	EndGlobalSection
EndGlobal
